// !$*UTF8*$!
{
	archiveVersion = 1;
	classes = {
	};
	objectVersion = 50;
	objects = {

/* Begin PBXBuildFile section */
		52E537A6239D327900ABA126 /* AppDelegate.swift in Sources */ = {isa = PBXBuildFile; fileRef = 52E537A5239D327900ABA126 /* AppDelegate.swift */; };
		52E537A8239D327900ABA126 /* SceneDelegate.swift in Sources */ = {isa = PBXBuildFile; fileRef = 52E537A7239D327900ABA126 /* SceneDelegate.swift */; };
		52E537AA239D327900ABA126 /* ViewController.swift in Sources */ = {isa = PBXBuildFile; fileRef = 52E537A9239D327900ABA126 /* ViewController.swift */; };
		52E537AD239D327900ABA126 /* Main.storyboard in Resources */ = {isa = PBXBuildFile; fileRef = 52E537AB239D327900ABA126 /* Main.storyboard */; };
		52E537AF239D327900ABA126 /* Assets.xcassets in Resources */ = {isa = PBXBuildFile; fileRef = 52E537AE239D327900ABA126 /* Assets.xcassets */; };
		52E537B2239D327900ABA126 /* LaunchScreen.storyboard in Resources */ = {isa = PBXBuildFile; fileRef = 52E537B0239D327900ABA126 /* LaunchScreen.storyboard */; };
		52E537BD239D327900ABA126 /* DrinkUpApplicationTests.swift in Sources */ = {isa = PBXBuildFile; fileRef = 52E537BC239D327900ABA126 /* DrinkUpApplicationTests.swift */; };
		52E537C9239D385C00ABA126 /* ViewController2.swift in Sources */ = {isa = PBXBuildFile; fileRef = 52E537C8239D385C00ABA126 /* ViewController2.swift */; };
		52EE9453239E4D1400866D6F /* DrinkUpModel.swift in Sources */ = {isa = PBXBuildFile; fileRef = 52EE9452239E4D1400866D6F /* DrinkUpModel.swift */; };
		52FB9FD5239D8CAB00BCD6AA /* ViewController3.swift in Sources */ = {isa = PBXBuildFile; fileRef = 52FB9FD4239D8CAB00BCD6AA /* ViewController3.swift */; };
		52FB9FD7239D935D00BCD6AA /* ViewController4.swift in Sources */ = {isa = PBXBuildFile; fileRef = 52FB9FD6239D935D00BCD6AA /* ViewController4.swift */; };
		52FB9FD9239D95FD00BCD6AA /* ViewController5.swift in Sources */ = {isa = PBXBuildFile; fileRef = 52FB9FD8239D95FD00BCD6AA /* ViewController5.swift */; };
/* End PBXBuildFile section */

/* Begin PBXContainerItemProxy section */
		52E537B9239D327900ABA126 /* PBXContainerItemProxy */ = {
			isa = PBXContainerItemProxy;
			containerPortal = 52E5379A239D327800ABA126 /* Project object */;
			proxyType = 1;
			remoteGlobalIDString = 52E537A1239D327800ABA126;
			remoteInfo = DrinkUpApplication;
		};
/* End PBXContainerItemProxy section */

/* Begin PBXFileReference section */
		52E537A2239D327900ABA126 /* DrinkUpApplication.app */ = {isa = PBXFileReference; explicitFileType = wrapper.application; includeInIndex = 0; path = DrinkUpApplication.app; sourceTree = BUILT_PRODUCTS_DIR; };
		52E537A5239D327900ABA126 /* AppDelegate.swift */ = {isa = PBXFileReference; lastKnownFileType = sourcecode.swift; path = AppDelegate.swift; sourceTree = "<group>"; };
		52E537A7239D327900ABA126 /* SceneDelegate.swift */ = {isa = PBXFileReference; lastKnownFileType = sourcecode.swift; path = SceneDelegate.swift; sourceTree = "<group>"; };
		52E537A9239D327900ABA126 /* ViewController.swift */ = {isa = PBXFileReference; lastKnownFileType = sourcecode.swift; path = ViewController.swift; sourceTree = "<group>"; };
		52E537AC239D327900ABA126 /* Base */ = {isa = PBXFileReference; lastKnownFileType = file.storyboard; name = Base; path = Base.lproj/Main.storyboard; sourceTree = "<group>"; };
		52E537AE239D327900ABA126 /* Assets.xcassets */ = {isa = PBXFileReference; lastKnownFileType = folder.assetcatalog; path = Assets.xcassets; sourceTree = "<group>"; };
		52E537B1239D327900ABA126 /* Base */ = {isa = PBXFileReference; lastKnownFileType = file.storyboard; name = Base; path = Base.lproj/LaunchScreen.storyboard; sourceTree = "<group>"; };
		52E537B3239D327900ABA126 /* Info.plist */ = {isa = PBXFileReference; lastKnownFileType = text.plist.xml; path = Info.plist; sourceTree = "<group>"; };
		52E537B8239D327900ABA126 /* DrinkUpApplicationTests.xctest */ = {isa = PBXFileReference; explicitFileType = wrapper.cfbundle; includeInIndex = 0; path = DrinkUpApplicationTests.xctest; sourceTree = BUILT_PRODUCTS_DIR; };
		52E537BC239D327900ABA126 /* DrinkUpApplicationTests.swift */ = {isa = PBXFileReference; lastKnownFileType = sourcecode.swift; path = DrinkUpApplicationTests.swift; sourceTree = "<group>"; };
		52E537BE239D327900ABA126 /* Info.plist */ = {isa = PBXFileReference; lastKnownFileType = text.plist.xml; path = Info.plist; sourceTree = "<group>"; };
		52E537C8239D385C00ABA126 /* ViewController2.swift */ = {isa = PBXFileReference; lastKnownFileType = sourcecode.swift; path = ViewController2.swift; sourceTree = "<group>"; };
		52EE9452239E4D1400866D6F /* DrinkUpModel.swift */ = {isa = PBXFileReference; lastKnownFileType = sourcecode.swift; path = DrinkUpModel.swift; sourceTree = "<group>"; };
		52FB9FD4239D8CAB00BCD6AA /* ViewController3.swift */ = {isa = PBXFileReference; lastKnownFileType = sourcecode.swift; path = ViewController3.swift; sourceTree = "<group>"; };
		52FB9FD6239D935D00BCD6AA /* ViewController4.swift */ = {isa = PBXFileReference; lastKnownFileType = sourcecode.swift; path = ViewController4.swift; sourceTree = "<group>"; };
		52FB9FD8239D95FD00BCD6AA /* ViewController5.swift */ = {isa = PBXFileReference; lastKnownFileType = sourcecode.swift; path = ViewController5.swift; sourceTree = "<group>"; };
/* End PBXFileReference section */

/* Begin PBXFrameworksBuildPhase section */
		52E5379F239D327800ABA126 /* Frameworks */ = {
			isa = PBXFrameworksBuildPhase;
			buildActionMask = 2147483647;
			files = (
			);
			runOnlyForDeploymentPostprocessing = 0;
		};
		52E537B5239D327900ABA126 /* Frameworks */ = {
			isa = PBXFrameworksBuildPhase;
			buildActionMask = 2147483647;
			files = (
			);
			runOnlyForDeploymentPostprocessing = 0;
		};
/* End PBXFrameworksBuildPhase section */

/* Begin PBXGroup section */
		52E53799239D327800ABA126 = {
			isa = PBXGroup;
			children = (
				52E537A4239D327900ABA126 /* DrinkUpApplication */,
				52E537BB239D327900ABA126 /* DrinkUpApplicationTests */,
				52E537A3239D327900ABA126 /* Products */,
			);
			sourceTree = "<group>";
		};
		52E537A3239D327900ABA126 /* Products */ = {
			isa = PBXGroup;
			children = (
				52E537A2239D327900ABA126 /* DrinkUpApplication.app */,
				52E537B8239D327900ABA126 /* DrinkUpApplicationTests.xctest */,
			);
			name = Products;
			sourceTree = "<group>";
		};
		52E537A4239D327900ABA126 /* DrinkUpApplication */ = {
			isa = PBXGroup;
			children = (
				52E537A5239D327900ABA126 /* AppDelegate.swift */,
				52E537A7239D327900ABA126 /* SceneDelegate.swift */,
				52E537A9239D327900ABA126 /* ViewController.swift */,
				52E537AB239D327900ABA126 /* Main.storyboard */,
				52E537AE239D327900ABA126 /* Assets.xcassets */,
				52E537B0239D327900ABA126 /* LaunchScreen.storyboard */,
				52E537B3239D327900ABA126 /* Info.plist */,
				52E537C8239D385C00ABA126 /* ViewController2.swift */,
				52FB9FD4239D8CAB00BCD6AA /* ViewController3.swift */,
				52FB9FD6239D935D00BCD6AA /* ViewController4.swift */,
				52FB9FD8239D95FD00BCD6AA /* ViewController5.swift */,
				52EE9452239E4D1400866D6F /* DrinkUpModel.swift */,
			);
			path = DrinkUpApplication;
			sourceTree = "<group>";
		};
		52E537BB239D327900ABA126 /* DrinkUpApplicationTests */ = {
			isa = PBXGroup;
			children = (
				52E537BC239D327900ABA126 /* DrinkUpApplicationTests.swift */,
				52E537BE239D327900ABA126 /* Info.plist */,
			);
			path = DrinkUpApplicationTests;
			sourceTree = "<group>";
		};
/* End PBXGroup section */

/* Begin PBXNativeTarget section */
		52E537A1239D327800ABA126 /* DrinkUpApplication */ = {
			isa = PBXNativeTarget;
			buildConfigurationList = 52E537C1239D327900ABA126 /* Build configuration list for PBXNativeTarget "DrinkUpApplication" */;
			buildPhases = (
				52E5379E239D327800ABA126 /* Sources */,
				52E5379F239D327800ABA126 /* Frameworks */,
				52E537A0239D327800ABA126 /* Resources */,
			);
			buildRules = (
			);
			dependencies = (
			);
			name = DrinkUpApplication;
			productName = DrinkUpApplication;
			productReference = 52E537A2239D327900ABA126 /* DrinkUpApplication.app */;
			productType = "com.apple.product-type.application";
		};
		52E537B7239D327900ABA126 /* DrinkUpApplicationTests */ = {
			isa = PBXNativeTarget;
			buildConfigurationList = 52E537C4239D327900ABA126 /* Build configuration list for PBXNativeTarget "DrinkUpApplicationTests" */;
			buildPhases = (
				52E537B4239D327900ABA126 /* Sources */,
				52E537B5239D327900ABA126 /* Frameworks */,
				52E537B6239D327900ABA126 /* Resources */,
			);
			buildRules = (
			);
			dependencies = (
				52E537BA239D327900ABA126 /* PBXTargetDependency */,
			);
			name = DrinkUpApplicationTests;
			productName = DrinkUpApplicationTests;
			productReference = 52E537B8239D327900ABA126 /* DrinkUpApplicationTests.xctest */;
			productType = "com.apple.product-type.bundle.unit-test";
		};
/* End PBXNativeTarget section */

/* Begin PBXProject section */
		52E5379A239D327800ABA126 /* Project object */ = {
			isa = PBXProject;
			attributes = {
				LastSwiftUpdateCheck = 1120;
				LastUpgradeCheck = 1120;
				ORGANIZATIONNAME = "Daniil Girskiy";
				TargetAttributes = {
					52E537A1239D327800ABA126 = {
						CreatedOnToolsVersion = 11.2.1;
					};
					52E537B7239D327900ABA126 = {
						CreatedOnToolsVersion = 11.2.1;
						TestTargetID = 52E537A1239D327800ABA126;
					};
				};
			};
			buildConfigurationList = 52E5379D239D327800ABA126 /* Build configuration list for PBXProject "DrinkUpApplication" */;
			compatibilityVersion = "Xcode 9.3";
			developmentRegion = en;
			hasScannedForEncodings = 0;
			knownRegions = (
				en,
				Base,
			);
			mainGroup = 52E53799239D327800ABA126;
			productRefGroup = 52E537A3239D327900ABA126 /* Products */;
			projectDirPath = "";
			projectRoot = "";
			targets = (
				52E537A1239D327800ABA126 /* DrinkUpApplication */,
				52E537B7239D327900ABA126 /* DrinkUpApplicationTests */,
			);
		};
/* End PBXProject section */

/* Begin PBXResourcesBuildPhase section */
		52E537A0239D327800ABA126 /* Resources */ = {
			isa = PBXResourcesBuildPhase;
			buildActionMask = 2147483647;
			files = (
				52E537B2239D327900ABA126 /* LaunchScreen.storyboard in Resources */,
				52E537AF239D327900ABA126 /* Assets.xcassets in Resources */,
				52E537AD239D327900ABA126 /* Main.storyboard in Resources */,
			);
			runOnlyForDeploymentPostprocessing = 0;
		};
		52E537B6239D327900ABA126 /* Resources */ = {
			isa = PBXResourcesBuildPhase;
			buildActionMask = 2147483647;
			files = (
			);
			runOnlyForDeploymentPostprocessing = 0;
		};
/* End PBXResourcesBuildPhase section */

/* Begin PBXSourcesBuildPhase section */
		52E5379E239D327800ABA126 /* Sources */ = {
			isa = PBXSourcesBuildPhase;
			buildActionMask = 2147483647;
			files = (
				52FB9FD5239D8CAB00BCD6AA /* ViewController3.swift in Sources */,
				52FB9FD7239D935D00BCD6AA /* ViewController4.swift in Sources */,
				52E537AA239D327900ABA126 /* ViewController.swift in Sources */,
				52EE9453239E4D1400866D6F /* DrinkUpModel.swift in Sources */,
				52E537C9239D385C00ABA126 /* ViewController2.swift in Sources */,
				52E537A6239D327900ABA126 /* AppDelegate.swift in Sources */,
				52E537A8239D327900ABA126 /* SceneDelegate.swift in Sources */,
				52FB9FD9239D95FD00BCD6AA /* ViewController5.swift in Sources */,
			);
			runOnlyForDeploymentPostprocessing = 0;
		};
		52E537B4239D327900ABA126 /* Sources */ = {
			isa = PBXSourcesBuildPhase;
			buildActionMask = 2147483647;
			files = (
				52E537BD239D327900ABA126 /* DrinkUpApplicationTests.swift in Sources */,
			);
			runOnlyForDeploymentPostprocessing = 0;
		};
/* End PBXSourcesBuildPhase section */

/* Begin PBXTargetDependency section */
		52E537BA239D327900ABA126 /* PBXTargetDependency */ = {
			isa = PBXTargetDependency;
			target = 52E537A1239D327800ABA126 /* DrinkUpApplication */;
			targetProxy = 52E537B9239D327900ABA126 /* PBXContainerItemProxy */;
		};
/* End PBXTargetDependency section */

/* Begin PBXVariantGroup section */
		52E537AB239D327900ABA126 /* Main.storyboard */ = {
			isa = PBXVariantGroup;
			children = (
				52E537AC239D327900ABA126 /* Base */,
			);
			name = Main.storyboard;
			sourceTree = "<group>";
		};
		52E537B0239D327900ABA126 /* LaunchScreen.storyboard */ = {
			isa = PBXVariantGroup;
			children = (
				52E537B1239D327900ABA126 /* Base */,
			);
			name = LaunchScreen.storyboard;
			sourceTree = "<group>";
		};
/* End PBXVariantGroup section */

/* Begin XCBuildConfiguration section */
		52E537BF239D327900ABA126 /* Debug */ = {
			isa = XCBuildConfiguration;
			buildSettings = {
				ALWAYS_SEARCH_USER_PATHS = NO;
				CLANG_ANALYZER_NONNULL = YES;
				CLANG_ANALYZER_NUMBER_OBJECT_CONVERSION = YES_AGGRESSIVE;
				CLANG_CXX_LANGUAGE_STANDARD = "gnu++14";
				CLANG_CXX_LIBRARY = "libc++";
				CLANG_ENABLE_MODULES = YES;
				CLANG_ENABLE_OBJC_ARC = YES;
				CLANG_ENABLE_OBJC_WEAK = YES;
				CLANG_WARN_BLOCK_CAPTURE_AUTORELEASING = YES;
				CLANG_WARN_BOOL_CONVERSION = YES;
				CLANG_WARN_COMMA = YES;
				CLANG_WARN_CONSTANT_CONVERSION = YES;
				CLANG_WARN_DEPRECATED_OBJC_IMPLEMENTATIONS = YES;
				CLANG_WARN_DIRECT_OBJC_ISA_USAGE = YES_ERROR;
				CLANG_WARN_DOCUMENTATION_COMMENTS = YES;
				CLANG_WARN_EMPTY_BODY = YES;
				CLANG_WARN_ENUM_CONVERSION = YES;
				CLANG_WARN_INFINITE_RECURSION = YES;
				CLANG_WARN_INT_CONVERSION = YES;
				CLANG_WARN_NON_LITERAL_NULL_CONVERSION = YES;
				CLANG_WARN_OBJC_IMPLICIT_RETAIN_SELF = YES;
				CLANG_WARN_OBJC_LITERAL_CONVERSION = YES;
				CLANG_WARN_OBJC_ROOT_CLASS = YES_ERROR;
				CLANG_WARN_RANGE_LOOP_ANALYSIS = YES;
				CLANG_WARN_STRICT_PROTOTYPES = YES;
				CLANG_WARN_SUSPICIOUS_MOVE = YES;
				CLANG_WARN_UNGUARDED_AVAILABILITY = YES_AGGRESSIVE;
				CLANG_WARN_UNREACHABLE_CODE = YES;
				CLANG_WARN__DUPLICATE_METHOD_MATCH = YES;
				COPY_PHASE_STRIP = NO;
				DEBUG_INFORMATION_FORMAT = dwarf;
				ENABLE_STRICT_OBJC_MSGSEND = YES;
				ENABLE_TESTABILITY = YES;
				GCC_C_LANGUAGE_STANDARD = gnu11;
				GCC_DYNAMIC_NO_PIC = NO;
				GCC_NO_COMMON_BLOCKS = YES;
				GCC_OPTIMIZATION_LEVEL = 0;
				GCC_PREPROCESSOR_DEFINITIONS = (
					"DEBUG=1",
					"$(inherited)",
				);
				GCC_WARN_64_TO_32_BIT_CONVERSION = YES;
				GCC_WARN_ABOUT_RETURN_TYPE = YES_ERROR;
				GCC_WARN_UNDECLARED_SELECTOR = YES;
				GCC_WARN_UNINITIALIZED_AUTOS = YES_AGGRESSIVE;
				GCC_WARN_UNUSED_FUNCTION = YES;
				GCC_WARN_UNUSED_VARIABLE = YES;
				IPHONEOS_DEPLOYMENT_TARGET = 13.2;
				MTL_ENABLE_DEBUG_INFO = INCLUDE_SOURCE;
				MTL_FAST_MATH = YES;
				ONLY_ACTIVE_ARCH = YES;
				SDKROOT = iphoneos;
				SWIFT_ACTIVE_COMPILATION_CONDITIONS = DEBUG;
				SWIFT_OPTIMIZATION_LEVEL = "-Onone";
			};
			name = Debug;
		};
		52E537C0239D327900ABA126 /* Release */ = {
			isa = XCBuildConfiguration;
			buildSettings = {
				ALWAYS_SEARCH_USER_PATHS = NO;
				CLANG_ANALYZER_NONNULL = YES;
				CLANG_ANALYZER_NUMBER_OBJECT_CONVERSION = YES_AGGRESSIVE;
				CLANG_CXX_LANGUAGE_STANDARD = "gnu++14";
				CLANG_CXX_LIBRARY = "libc++";
				CLANG_ENABLE_MODULES = YES;
				CLANG_ENABLE_OBJC_ARC = YES;
				CLANG_ENABLE_OBJC_WEAK = YES;
				CLANG_WARN_BLOCK_CAPTURE_AUTORELEASING = YES;
				CLANG_WARN_BOOL_CONVERSION = YES;
				CLANG_WARN_COMMA = YES;
				CLANG_WARN_CONSTANT_CONVERSION = YES;
				CLANG_WARN_DEPRECATED_OBJC_IMPLEMENTATIONS = YES;
				CLANG_WARN_DIRECT_OBJC_ISA_USAGE = YES_ERROR;
				CLANG_WARN_DOCUMENTATION_COMMENTS = YES;
				CLANG_WARN_EMPTY_BODY = YES;
				CLANG_WARN_ENUM_CONVERSION = YES;
				CLANG_WARN_INFINITE_RECURSION = YES;
				CLANG_WARN_INT_CONVERSION = YES;
				CLANG_WARN_NON_LITERAL_NULL_CONVERSION = YES;
				CLANG_WARN_OBJC_IMPLICIT_RETAIN_SELF = YES;
				CLANG_WARN_OBJC_LITERAL_CONVERSION = YES;
				CLANG_WARN_OBJC_ROOT_CLASS = YES_ERROR;
				CLANG_WARN_RANGE_LOOP_ANALYSIS = YES;
				CLANG_WARN_STRICT_PROTOTYPES = YES;
				CLANG_WARN_SUSPICIOUS_MOVE = YES;
				CLANG_WARN_UNGUARDED_AVAILABILITY = YES_AGGRESSIVE;
				CLANG_WARN_UNREACHABLE_CODE = YES;
				CLANG_WARN__DUPLICATE_METHOD_MATCH = YES;
				COPY_PHASE_STRIP = NO;
				DEBUG_INFORMATION_FORMAT = "dwarf-with-dsym";
				ENABLE_NS_ASSERTIONS = NO;
				ENABLE_STRICT_OBJC_MSGSEND = YES;
				GCC_C_LANGUAGE_STANDARD = gnu11;
				GCC_NO_COMMON_BLOCKS = YES;
				GCC_WARN_64_TO_32_BIT_CONVERSION = YES;
				GCC_WARN_ABOUT_RETURN_TYPE = YES_ERROR;
				GCC_WARN_UNDECLARED_SELECTOR = YES;
				GCC_WARN_UNINITIALIZED_AUTOS = YES_AGGRESSIVE;
				GCC_WARN_UNUSED_FUNCTION = YES;
				GCC_WARN_UNUSED_VARIABLE = YES;
				IPHONEOS_DEPLOYMENT_TARGET = 13.2;
				MTL_ENABLE_DEBUG_INFO = NO;
				MTL_FAST_MATH = YES;
				SDKROOT = iphoneos;
				SWIFT_COMPILATION_MODE = wholemodule;
				SWIFT_OPTIMIZATION_LEVEL = "-O";
				VALIDATE_PRODUCT = YES;
			};
			name = Release;
		};
		52E537C2239D327900ABA126 /* Debug */ = {
			isa = XCBuildConfiguration;
			buildSettings = {
				ASSETCATALOG_COMPILER_APPICON_NAME = AppIcon;
				CODE_SIGN_STYLE = Automatic;
				DEVELOPMENT_TEAM = 3433PCN6JL;
				INFOPLIST_FILE = DrinkUpApplication/Info.plist;
				LD_RUNPATH_SEARCH_PATHS = (
					"$(inherited)",
					"@executable_path/Frameworks",
				);
				PRODUCT_BUNDLE_IDENTIFIER = com.daniilgirskiy.DrinkUpApplication;
				PRODUCT_NAME = "$(TARGET_NAME)";
				SWIFT_VERSION = 5.0;
				TARGETED_DEVICE_FAMILY = "1,2";
			};
			name = Debug;
		};
		52E537C3239D327900ABA126 /* Release */ = {
			isa = XCBuildConfiguration;
			buildSettings = {
				ASSETCATALOG_COMPILER_APPICON_NAME = AppIcon;
				CODE_SIGN_STYLE = Automatic;
				DEVELOPMENT_TEAM = 3433PCN6JL;
				INFOPLIST_FILE = DrinkUpApplication/Info.plist;
				LD_RUNPATH_SEARCH_PATHS = (
					"$(inherited)",
					"@executable_path/Frameworks",
				);
				PRODUCT_BUNDLE_IDENTIFIER = com.daniilgirskiy.DrinkUpApplication;
				PRODUCT_NAME = "$(TARGET_NAME)";
				SWIFT_VERSION = 5.0;
				TARGETED_DEVICE_FAMILY = "1,2";
			};
			name = Release;
		};
		52E537C5239D327900ABA126 /* Debug */ = {
			isa = XCBuildConfiguration;
			buildSettings = {
				ALWAYS_EMBED_SWIFT_STANDARD_LIBRARIES = YES;
				BUNDLE_LOADER = "$(TEST_HOST)";
				CODE_SIGN_STYLE = Automatic;
				DEVELOPMENT_TEAM = 3433PCN6JL;
				INFOPLIST_FILE = DrinkUpApplicationTests/Info.plist;
				IPHONEOS_DEPLOYMENT_TARGET = 13.2;
				LD_RUNPATH_SEARCH_PATHS = (
					"$(inherited)",
					"@executable_path/Frameworks",
					"@loader_path/Frameworks",
				);
				PRODUCT_BUNDLE_IDENTIFIER = com.daniilgirskiy.DrinkUpApplicationTests;
				PRODUCT_NAME = "$(TARGET_NAME)";
				SWIFT_VERSION = 5.0;
				TARGETED_DEVICE_FAMILY = "1,2";
				TEST_HOST = "$(BUILT_PRODUCTS_DIR)/DrinkUpApplication.app/DrinkUpApplication";
			};
			name = Debug;
		};
		52E537C6239D327900ABA126 /* Release */ = {
			isa = XCBuildConfiguration;
			buildSettings = {
				ALWAYS_EMBED_SWIFT_STANDARD_LIBRARIES = YES;
				BUNDLE_LOADER = "$(TEST_HOST)";
				CODE_SIGN_STYLE = Automatic;
				DEVELOPMENT_TEAM = 3433PCN6JL;
				INFOPLIST_FILE = DrinkUpApplicationTests/Info.plist;
				IPHONEOS_DEPLOYMENT_TARGET = 13.2;
				LD_RUNPATH_SEARCH_PATHS = (
					"$(inherited)",
					"@executable_path/Frameworks",
					"@loader_path/Frameworks",
				);
				PRODUCT_BUNDLE_IDENTIFIER = com.daniilgirskiy.DrinkUpApplicationTests;
				PRODUCT_NAME = "$(TARGET_NAME)";
				SWIFT_VERSION = 5.0;
				TARGETED_DEVICE_FAMILY = "1,2";
				TEST_HOST = "$(BUILT_PRODUCTS_DIR)/DrinkUpApplication.app/DrinkUpApplication";
			};
			name = Release;
		};
/* End XCBuildConfiguration section */

/* Begin XCConfigurationList section */
		52E5379D239D327800ABA126 /* Build configuration list for PBXProject "DrinkUpApplication" */ = {
			isa = XCConfigurationList;
			buildConfigurations = (
				52E537BF239D327900ABA126 /* Debug */,
				52E537C0239D327900ABA126 /* Release */,
			);
			defaultConfigurationIsVisible = 0;
			defaultConfigurationName = Release;
		};
		52E537C1239D327900ABA126 /* Build configuration list for PBXNativeTarget "DrinkUpApplication" */ = {
			isa = XCConfigurationList;
			buildConfigurations = (
				52E537C2239D327900ABA126 /* Debug */,
				52E537C3239D327900ABA126 /* Release */,
			);
			defaultConfigurationIsVisible = 0;
			defaultConfigurationName = Release;
		};
		52E537C4239D327900ABA126 /* Build configuration list for PBXNativeTarget "DrinkUpApplicationTests" */ = {
			isa = XCConfigurationList;
			buildConfigurations = (
				52E537C5239D327900ABA126 /* Debug */,
				52E537C6239D327900ABA126 /* Release */,
			);
			defaultConfigurationIsVisible = 0;
			defaultConfigurationName = Release;
		};
/* End XCConfigurationList section */
	};
	rootObject = 52E5379A239D327800ABA126 /* Project object */;
}
